
Microsoft Visual Studio Solution File, Format Version 12.00
# Visual Studio Version 16
VisualStudioVersion = 16.0.30011.22
MinimumVisualStudioVersion = 10.0.40219.1
Project("{F184B08F-C81C-45F6-A57F-5ABD9991F28F}") = "Nepalese Canadian Cricket Club", "Nepalese Canadian Cricket Club.vbproj", "{70667FF7-9520-4B5E-830C-159ED67D70FF}"
EndProject
Global
	GlobalSection(SolutionConfigurationPlatforms) = preSolution
		Debug|Any CPU = Debug|Any CPU
		Release|Any CPU = Release|Any CPU
	EndGlobalSection
	GlobalSection(ProjectConfigurationPlatforms) = postSolution
		{70667FF7-9520-4B5E-830C-159ED67D70FF}.Debug|Any CPU.ActiveCfg = Debug|Any CPU
		{70667FF7-9520-4B5E-830C-159ED67D70FF}.Debug|Any CPU.Build.0 = Debug|Any CPU
		{70667FF7-9520-4B5E-830C-159ED67D70FF}.Release|Any CPU.ActiveCfg = Release|Any CPU
		{70667FF7-9520-4B5E-830C-159ED67D70FF}.Release|Any CPU.Build.0 = Release|Any CPU
	EndGlobalSection
	GlobalSection(SolutionProperties) = preSolution
		HideSolutionNode = FALSE
	EndGlobalSection
	GlobalSection(ExtensibilityGlobals) = postSolution
		SolutionGuid = {EF67C24F-EFE3-4B46-9727-CBEDE4C1A6A6}
	EndGlobalSection
EndGlobal
